
Microsoft Visual Studio Solution File, Format Version 12.00
# Visual Studio Version 17
VisualStudioVersion = 17.4.33110.190
MinimumVisualStudioVersion = 10.0.40219.1
Project("{2150E333-8FDC-42A3-9474-1A3956D46DE8}") = "src", "src", "{3B31914F-9D23-4B21-A849-221BB498EA54}"
EndProject
Project("{2150E333-8FDC-42A3-9474-1A3956D46DE8}") = "Core", "Core", "{848CE28D-0722-4869-8BC0-CC8F035134F4}"
EndProject
Project("{2150E333-8FDC-42A3-9474-1A3956D46DE8}") = "External", "External", "{E59838CC-FC77-440A-B65D-E1E3C5DA00AB}"
EndProject
Project("{FAE04EC0-301F-11D3-BF4B-00C04F79EFBC}") = "Web", "src\Web\Web.csproj", "{6C2E075D-C80F-4EB1-9F7E-FE4811295C98}"
EndProject
Project("{FAE04EC0-301F-11D3-BF4B-00C04F79EFBC}") = "Web2Unix.Domain", "src\Core\Web2Unix.Domain\Web2Unix.Domain.csproj", "{1469CA2D-5AE0-45C9-ABDB-0548513A3251}"
EndProject
Project("{FAE04EC0-301F-11D3-BF4B-00C04F79EFBC}") = "Web2Unix.Application", "src\Core\Web2Unix.Application\Web2Unix.Application.csproj", "{4DBFED24-2E8B-44D8-98A9-D52447217BF6}"
EndProject
Project("{FAE04EC0-301F-11D3-BF4B-00C04F79EFBC}") = "Web2Unix.Infrastructure", "src\External\Web2Unix.Infrastructure\Web2Unix.Infrastructure.csproj", "{D26C0EAD-3086-4104-91DD-CC4214E3F671}"
EndProject
Project("{FAE04EC0-301F-11D3-BF4B-00C04F79EFBC}") = "Web2Unix.Presentation", "src\External\Web2Unix.Presentation\Web2Unix.Presentation.csproj", "{1B3B94E9-2A9C-42F0-869E-7FDB729A5E7F}"
EndProject
Global
	GlobalSection(SolutionConfigurationPlatforms) = preSolution
		Debug|Any CPU = Debug|Any CPU
		Release|Any CPU = Release|Any CPU
	EndGlobalSection
	GlobalSection(ProjectConfigurationPlatforms) = postSolution
		{6C2E075D-C80F-4EB1-9F7E-FE4811295C98}.Debug|Any CPU.ActiveCfg = Debug|Any CPU
		{6C2E075D-C80F-4EB1-9F7E-FE4811295C98}.Debug|Any CPU.Build.0 = Debug|Any CPU
		{6C2E075D-C80F-4EB1-9F7E-FE4811295C98}.Release|Any CPU.ActiveCfg = Release|Any CPU
		{6C2E075D-C80F-4EB1-9F7E-FE4811295C98}.Release|Any CPU.Build.0 = Release|Any CPU
		{1469CA2D-5AE0-45C9-ABDB-0548513A3251}.Debug|Any CPU.ActiveCfg = Debug|Any CPU
		{1469CA2D-5AE0-45C9-ABDB-0548513A3251}.Debug|Any CPU.Build.0 = Debug|Any CPU
		{1469CA2D-5AE0-45C9-ABDB-0548513A3251}.Release|Any CPU.ActiveCfg = Release|Any CPU
		{1469CA2D-5AE0-45C9-ABDB-0548513A3251}.Release|Any CPU.Build.0 = Release|Any CPU
		{4DBFED24-2E8B-44D8-98A9-D52447217BF6}.Debug|Any CPU.ActiveCfg = Debug|Any CPU
		{4DBFED24-2E8B-44D8-98A9-D52447217BF6}.Debug|Any CPU.Build.0 = Debug|Any CPU
		{4DBFED24-2E8B-44D8-98A9-D52447217BF6}.Release|Any CPU.ActiveCfg = Release|Any CPU
		{4DBFED24-2E8B-44D8-98A9-D52447217BF6}.Release|Any CPU.Build.0 = Release|Any CPU
		{D26C0EAD-3086-4104-91DD-CC4214E3F671}.Debug|Any CPU.ActiveCfg = Debug|Any CPU
		{D26C0EAD-3086-4104-91DD-CC4214E3F671}.Debug|Any CPU.Build.0 = Debug|Any CPU
		{D26C0EAD-3086-4104-91DD-CC4214E3F671}.Release|Any CPU.ActiveCfg = Release|Any CPU
		{D26C0EAD-3086-4104-91DD-CC4214E3F671}.Release|Any CPU.Build.0 = Release|Any CPU
		{1B3B94E9-2A9C-42F0-869E-7FDB729A5E7F}.Debug|Any CPU.ActiveCfg = Debug|Any CPU
		{1B3B94E9-2A9C-42F0-869E-7FDB729A5E7F}.Debug|Any CPU.Build.0 = Debug|Any CPU
		{1B3B94E9-2A9C-42F0-869E-7FDB729A5E7F}.Release|Any CPU.ActiveCfg = Release|Any CPU
		{1B3B94E9-2A9C-42F0-869E-7FDB729A5E7F}.Release|Any CPU.Build.0 = Release|Any CPU
	EndGlobalSection
	GlobalSection(SolutionProperties) = preSolution
		HideSolutionNode = FALSE
	EndGlobalSection
	GlobalSection(NestedProjects) = preSolution
		{848CE28D-0722-4869-8BC0-CC8F035134F4} = {3B31914F-9D23-4B21-A849-221BB498EA54}
		{E59838CC-FC77-440A-B65D-E1E3C5DA00AB} = {3B31914F-9D23-4B21-A849-221BB498EA54}
		{6C2E075D-C80F-4EB1-9F7E-FE4811295C98} = {3B31914F-9D23-4B21-A849-221BB498EA54}
		{1469CA2D-5AE0-45C9-ABDB-0548513A3251} = {848CE28D-0722-4869-8BC0-CC8F035134F4}
		{4DBFED24-2E8B-44D8-98A9-D52447217BF6} = {848CE28D-0722-4869-8BC0-CC8F035134F4}
		{D26C0EAD-3086-4104-91DD-CC4214E3F671} = {E59838CC-FC77-440A-B65D-E1E3C5DA00AB}
		{1B3B94E9-2A9C-42F0-869E-7FDB729A5E7F} = {E59838CC-FC77-440A-B65D-E1E3C5DA00AB}
	EndGlobalSection
	GlobalSection(ExtensibilityGlobals) = postSolution
		SolutionGuid = {8E39F72A-0D85-4F89-804B-65E585B6EE7A}
	EndGlobalSection
EndGlobal
