
Microsoft Visual Studio Solution File, Format Version 12.00
# Visual Studio Version 17
VisualStudioVersion = 17.4.33110.190
MinimumVisualStudioVersion = 10.0.40219.1
Project("{2150E333-8FDC-42A3-9474-1A3956D46DE8}") = "src", "src", "{3B31914F-9D23-4B21-A849-221BB498EA54}"
EndProject
Project("{9A19103F-16F7-4668-BE54-9A1E7A4F7556}") = "Web", "src\Web\Web.csproj", "{6C2E075D-C80F-4EB1-9F7E-FE4811295C98}"
EndProject
Project("{9A19103F-16F7-4668-BE54-9A1E7A4F7556}") = "Web2Unix.Application", "src\Web2Unix.Application\Web2Unix.Application.csproj", "{730E7B0D-6531-4B56-BB23-20A4D9A0E3DD}"
EndProject
Project("{9A19103F-16F7-4668-BE54-9A1E7A4F7556}") = "Web2Unix.Domain", "src\Web2Unix.Domain\Web2Unix.Domain.csproj", "{9E4D7817-EF00-46AA-88AB-CB35EF1C3C23}"
EndProject
Project("{9A19103F-16F7-4668-BE54-9A1E7A4F7556}") = "Web2Unix.Infrastructure", "src\Web2Unix.Infrastructure\Web2Unix.Infrastructure.csproj", "{CBCA9C59-46CF-4DD6-91E8-F8077092B15F}"
EndProject
Project("{9A19103F-16F7-4668-BE54-9A1E7A4F7556}") = "Web2Unix.Presentation", "src\Web2Unix.Presentation\Web2Unix.Presentation.csproj", "{80057177-5705-428A-858B-B4F4D0CA7080}"
EndProject
Global
	GlobalSection(SolutionConfigurationPlatforms) = preSolution
		Debug|Any CPU = Debug|Any CPU
		Release|Any CPU = Release|Any CPU
	EndGlobalSection
	GlobalSection(ProjectConfigurationPlatforms) = postSolution
		{6C2E075D-C80F-4EB1-9F7E-FE4811295C98}.Debug|Any CPU.ActiveCfg = Debug|Any CPU
		{6C2E075D-C80F-4EB1-9F7E-FE4811295C98}.Debug|Any CPU.Build.0 = Debug|Any CPU
		{6C2E075D-C80F-4EB1-9F7E-FE4811295C98}.Release|Any CPU.ActiveCfg = Release|Any CPU
		{6C2E075D-C80F-4EB1-9F7E-FE4811295C98}.Release|Any CPU.Build.0 = Release|Any CPU
		{730E7B0D-6531-4B56-BB23-20A4D9A0E3DD}.Debug|Any CPU.ActiveCfg = Debug|Any CPU
		{730E7B0D-6531-4B56-BB23-20A4D9A0E3DD}.Debug|Any CPU.Build.0 = Debug|Any CPU
		{730E7B0D-6531-4B56-BB23-20A4D9A0E3DD}.Release|Any CPU.ActiveCfg = Release|Any CPU
		{730E7B0D-6531-4B56-BB23-20A4D9A0E3DD}.Release|Any CPU.Build.0 = Release|Any CPU
		{9E4D7817-EF00-46AA-88AB-CB35EF1C3C23}.Debug|Any CPU.ActiveCfg = Debug|Any CPU
		{9E4D7817-EF00-46AA-88AB-CB35EF1C3C23}.Debug|Any CPU.Build.0 = Debug|Any CPU
		{9E4D7817-EF00-46AA-88AB-CB35EF1C3C23}.Release|Any CPU.ActiveCfg = Release|Any CPU
		{9E4D7817-EF00-46AA-88AB-CB35EF1C3C23}.Release|Any CPU.Build.0 = Release|Any CPU
		{CBCA9C59-46CF-4DD6-91E8-F8077092B15F}.Debug|Any CPU.ActiveCfg = Debug|Any CPU
		{CBCA9C59-46CF-4DD6-91E8-F8077092B15F}.Debug|Any CPU.Build.0 = Debug|Any CPU
		{CBCA9C59-46CF-4DD6-91E8-F8077092B15F}.Release|Any CPU.ActiveCfg = Release|Any CPU
		{CBCA9C59-46CF-4DD6-91E8-F8077092B15F}.Release|Any CPU.Build.0 = Release|Any CPU
		{80057177-5705-428A-858B-B4F4D0CA7080}.Debug|Any CPU.ActiveCfg = Debug|Any CPU
		{80057177-5705-428A-858B-B4F4D0CA7080}.Debug|Any CPU.Build.0 = Debug|Any CPU
		{80057177-5705-428A-858B-B4F4D0CA7080}.Release|Any CPU.ActiveCfg = Release|Any CPU
		{80057177-5705-428A-858B-B4F4D0CA7080}.Release|Any CPU.Build.0 = Release|Any CPU
	EndGlobalSection
	GlobalSection(SolutionProperties) = preSolution
		HideSolutionNode = FALSE
	EndGlobalSection
	GlobalSection(NestedProjects) = preSolution
		{6C2E075D-C80F-4EB1-9F7E-FE4811295C98} = {3B31914F-9D23-4B21-A849-221BB498EA54}
		{730E7B0D-6531-4B56-BB23-20A4D9A0E3DD} = {3B31914F-9D23-4B21-A849-221BB498EA54}
		{9E4D7817-EF00-46AA-88AB-CB35EF1C3C23} = {3B31914F-9D23-4B21-A849-221BB498EA54}
		{CBCA9C59-46CF-4DD6-91E8-F8077092B15F} = {3B31914F-9D23-4B21-A849-221BB498EA54}
		{80057177-5705-428A-858B-B4F4D0CA7080} = {3B31914F-9D23-4B21-A849-221BB498EA54}
	EndGlobalSection
	GlobalSection(ExtensibilityGlobals) = postSolution
		SolutionGuid = {8E39F72A-0D85-4F89-804B-65E585B6EE7A}
	EndGlobalSection
EndGlobal
